<?xml version="1.0" encoding="utf-8"?>
<Project ToolsVersion="4.0" xmlns="http://schemas.microsoft.com/developer/msbuild/2003">
  <ItemGroup>
    <Filter Include="Source Files">
      <UniqueIdentifier>{4FC737F1-C7A5-4376-A066-2A32D752A2FF}</UniqueIdentifier>
      <Extensions>cpp;c;cc;cxx;c++;cppm;ixx;def;odl;idl;hpj;bat;asm;asmx</Extensions>
    </Filter>
    <Filter Include="Header Files">
      <UniqueIdentifier>{93995380-89BD-4b04-88EB-625FBE52EBFB}</UniqueIdentifier>
      <Extensions>h;hh;hpp;hxx;h++;hm;inl;inc;ipp;xsd</Extensions>
    </Filter>
    <Filter Include="Resource Files">
      <UniqueIdentifier>{67DA6AB6-F800-4c08-8B7A-83BB121AAD01}</UniqueIdentifier>
      <Extensions>rc;ico;cur;bmp;dlg;rc2;rct;bin;rgs;gif;jpg;jpeg;jpe;resx;tiff;tif;png;wav;mfcribbon-ms</Extensions>
    </Filter>
    <Filter Include="Source Files\CompositePattern">
      <UniqueIdentifier>{c2f6227c-702a-4f7b-9335-134b94146fee}</UniqueIdentifier>
    </Filter>
    <Filter Include="Header Files\CompositePattern">
      <UniqueIdentifier>{c6d066d9-697e-4ee3-8c7c-c89ab1f207c6}</UniqueIdentifier>
    </Filter>
    <Filter Include="Source Files\ObjectPools">
      <UniqueIdentifier>{b3da28c0-7f10-48ae-a791-8dbbc1e47847}</UniqueIdentifier>
    </Filter>
    <Filter Include="Header Files\ObjectPools">
      <UniqueIdentifier>{18a77f6a-6cea-4c3f-a104-812e9a71d301}</UniqueIdentifier>
    </Filter>
    <Filter Include="Header Files\Handlers">
      <UniqueIdentifier>{5abc6c0a-48c9-483c-a1ff-91eeffb8e8b5}</UniqueIdentifier>
    </Filter>
    <Filter Include="Source Files\Handlers">
      <UniqueIdentifier>{737220a1-696d-47d9-b241-13be3b48521e}</UniqueIdentifier>
    </Filter>
  </ItemGroup>
  <ItemGroup>
    <ClCompile Include="MaginengineAudio.cpp">
      <Filter>Source Files</Filter>
    </ClCompile>
    <ClCompile Include="Composite.cpp">
      <Filter>Source Files\CompositePattern</Filter>
    </ClCompile>
    <ClCompile Include="Leaf.cpp">
      <Filter>Source Files\CompositePattern</Filter>
    </ClCompile>
    <ClCompile Include="RealVoicePool.cpp">
      <Filter>Source Files\ObjectPools</Filter>
    </ClCompile>
    <ClCompile Include="RealVoice.cpp">
      <Filter>Source Files\ObjectPools</Filter>
    </ClCompile>
    <ClCompile Include="VirtualVoice.cpp">
      <Filter>Source Files\ObjectPools</Filter>
    </ClCompile>
    <ClCompile Include="VirtualVoicePool.cpp">
      <Filter>Source Files\ObjectPools</Filter>
    </ClCompile>
    <ClCompile Include="Asset.cpp">
      <Filter>Source Files\Handlers</Filter>
    </ClCompile>
    <ClCompile Include="Engine.cpp">
      <Filter>Source Files\Handlers</Filter>
    </ClCompile>
    <ClCompile Include="EventManager.cpp">
      <Filter>Source Files\Handlers</Filter>
    </ClCompile>
    <ClCompile Include="PlaybackDevice.cpp">
      <Filter>Source Files\Handlers</Filter>
    </ClCompile>
  </ItemGroup>
  <ItemGroup>
    <ClInclude Include="Component.h">
      <Filter>Header Files\CompositePattern</Filter>
    </ClInclude>
    <ClInclude Include="Composite.h">
      <Filter>Header Files\CompositePattern</Filter>
    </ClInclude>
    <ClInclude Include="Leaf.h">
      <Filter>Header Files\CompositePattern</Filter>
    </ClInclude>
    <ClInclude Include="RealVoicePool.h">
      <Filter>Header Files\ObjectPools</Filter>
    </ClInclude>
    <ClInclude Include="RealVoice.h">
      <Filter>Header Files\ObjectPools</Filter>
    </ClInclude>
    <ClInclude Include="VirtualVoice.h">
      <Filter>Header Files\ObjectPools</Filter>
    </ClInclude>
    <ClInclude Include="VoiceBase.h">
      <Filter>Header Files\ObjectPools</Filter>
    </ClInclude>
    <ClInclude Include="VirtualVoicePool.h">
      <Filter>Header Files\ObjectPools</Filter>
    </ClInclude>
    <ClInclude Include="Asset.h">
      <Filter>Header Files\Handlers</Filter>
    </ClInclude>
    <ClInclude Include="Engine.h">
      <Filter>Header Files\Handlers</Filter>
    </ClInclude>
    <ClInclude Include="EventManager.h">
      <Filter>Header Files\Handlers</Filter>
    </ClInclude>
    <ClInclude Include="miniaudio.h">
      <Filter>Header Files\Handlers</Filter>
    </ClInclude>
    <ClInclude Include="PlaybackDevice.h">
      <Filter>Header Files\Handlers</Filter>
    </ClInclude>
  </ItemGroup>
</Project>